// !$*UTF8*$!
{
	archiveVersion = 1;
	classes = {
	};
	objectVersion = 50;
	objects = {

/* Begin PBXBuildFile section */
		FF242DC62678E5BA0010867B /* FilteredImageViewControllerTests.swift in Sources */ = {isa = PBXBuildFile; fileRef = FF242DC52678E5BA0010867B /* FilteredImageViewControllerTests.swift */; };
		FF49FE0D267255100055A53B /* Extension+UIImage.swift in Sources */ = {isa = PBXBuildFile; fileRef = FF49FE0C2672550F0055A53B /* Extension+UIImage.swift */; };
		FF49FE1A267355000055A53B /* ImageLoadOperationTests.swift in Sources */ = {isa = PBXBuildFile; fileRef = FF49FE19267355000055A53B /* ImageLoadOperationTests.swift */; };
		FF49FE22267357010055A53B /* AsyncOperationTests.swift in Sources */ = {isa = PBXBuildFile; fileRef = FF49FE21267357010055A53B /* AsyncOperationTests.swift */; };
		FF49FE24267380620055A53B /* FilterOperationTests.swift in Sources */ = {isa = PBXBuildFile; fileRef = FF49FE23267380620055A53B /* FilterOperationTests.swift */; };
		FFCABE7626711480005E5830 /* AppDelegate.swift in Sources */ = {isa = PBXBuildFile; fileRef = FFCABE7526711480005E5830 /* AppDelegate.swift */; };
		FFCABE7826711480005E5830 /* SceneDelegate.swift in Sources */ = {isa = PBXBuildFile; fileRef = FFCABE7726711480005E5830 /* SceneDelegate.swift */; };
		FFCABE7A26711480005E5830 /* FilteredImageViewController.swift in Sources */ = {isa = PBXBuildFile; fileRef = FFCABE7926711480005E5830 /* FilteredImageViewController.swift */; };
		FFCABE7D26711480005E5830 /* Main.storyboard in Resources */ = {isa = PBXBuildFile; fileRef = FFCABE7B26711480005E5830 /* Main.storyboard */; };
		FFCABE8026711480005E5830 /* OperationsApp.xcdatamodeld in Sources */ = {isa = PBXBuildFile; fileRef = FFCABE7E26711480005E5830 /* OperationsApp.xcdatamodeld */; };
		FFCABE8226711483005E5830 /* Assets.xcassets in Resources */ = {isa = PBXBuildFile; fileRef = FFCABE8126711483005E5830 /* Assets.xcassets */; };
		FFCABE8526711483005E5830 /* LaunchScreen.storyboard in Resources */ = {isa = PBXBuildFile; fileRef = FFCABE8326711483005E5830 /* LaunchScreen.storyboard */; };
		FFCABE912671FDB1005E5830 /* ImageLoadOperation.swift in Sources */ = {isa = PBXBuildFile; fileRef = FFCABE902671FDB1005E5830 /* ImageLoadOperation.swift */; };
		FFCABE932671FDFF005E5830 /* FilterOperation.swift in Sources */ = {isa = PBXBuildFile; fileRef = FFCABE922671FDFF005E5830 /* FilterOperation.swift */; };
		FFCABE952671FE27005E5830 /* AsyncOperation.swift in Sources */ = {isa = PBXBuildFile; fileRef = FFCABE942671FE27005E5830 /* AsyncOperation.swift */; };
		FFCABE972671FE71005E5830 /* NetworkManager.swift in Sources */ = {isa = PBXBuildFile; fileRef = FFCABE962671FE71005E5830 /* NetworkManager.swift */; };
/* End PBXBuildFile section */

/* Begin PBXContainerItemProxy section */
		FF49FE1C267355000055A53B /* PBXContainerItemProxy */ = {
			isa = PBXContainerItemProxy;
			containerPortal = FFCABE6A26711480005E5830 /* Project object */;
			proxyType = 1;
			remoteGlobalIDString = FFCABE7126711480005E5830;
			remoteInfo = OperationsApp;
		};
/* End PBXContainerItemProxy section */

/* Begin PBXFileReference section */
		FF242DC52678E5BA0010867B /* FilteredImageViewControllerTests.swift */ = {isa = PBXFileReference; lastKnownFileType = sourcecode.swift; path = FilteredImageViewControllerTests.swift; sourceTree = "<group>"; };
		FF49FE0C2672550F0055A53B /* Extension+UIImage.swift */ = {isa = PBXFileReference; lastKnownFileType = sourcecode.swift; path = "Extension+UIImage.swift"; sourceTree = "<group>"; };
		FF49FE17267355000055A53B /* OperationsAppTests.xctest */ = {isa = PBXFileReference; explicitFileType = wrapper.cfbundle; includeInIndex = 0; path = OperationsAppTests.xctest; sourceTree = BUILT_PRODUCTS_DIR; };
		FF49FE19267355000055A53B /* ImageLoadOperationTests.swift */ = {isa = PBXFileReference; lastKnownFileType = sourcecode.swift; path = ImageLoadOperationTests.swift; sourceTree = "<group>"; };
		FF49FE1B267355000055A53B /* Info.plist */ = {isa = PBXFileReference; lastKnownFileType = text.plist.xml; path = Info.plist; sourceTree = "<group>"; };
		FF49FE21267357010055A53B /* AsyncOperationTests.swift */ = {isa = PBXFileReference; lastKnownFileType = sourcecode.swift; path = AsyncOperationTests.swift; sourceTree = "<group>"; };
		FF49FE23267380620055A53B /* FilterOperationTests.swift */ = {isa = PBXFileReference; lastKnownFileType = sourcecode.swift; path = FilterOperationTests.swift; sourceTree = "<group>"; };
		FFCABE7226711480005E5830 /* OperationsApp.app */ = {isa = PBXFileReference; explicitFileType = wrapper.application; includeInIndex = 0; path = OperationsApp.app; sourceTree = BUILT_PRODUCTS_DIR; };
		FFCABE7526711480005E5830 /* AppDelegate.swift */ = {isa = PBXFileReference; lastKnownFileType = sourcecode.swift; path = AppDelegate.swift; sourceTree = "<group>"; };
		FFCABE7726711480005E5830 /* SceneDelegate.swift */ = {isa = PBXFileReference; lastKnownFileType = sourcecode.swift; path = SceneDelegate.swift; sourceTree = "<group>"; };
		FFCABE7926711480005E5830 /* FilteredImageViewController.swift */ = {isa = PBXFileReference; lastKnownFileType = sourcecode.swift; path = FilteredImageViewController.swift; sourceTree = "<group>"; };
		FFCABE7C26711480005E5830 /* Base */ = {isa = PBXFileReference; lastKnownFileType = file.storyboard; name = Base; path = Base.lproj/Main.storyboard; sourceTree = "<group>"; };
		FFCABE7F26711480005E5830 /* OperationsApp.xcdatamodel */ = {isa = PBXFileReference; lastKnownFileType = wrapper.xcdatamodel; path = OperationsApp.xcdatamodel; sourceTree = "<group>"; };
		FFCABE8126711483005E5830 /* Assets.xcassets */ = {isa = PBXFileReference; lastKnownFileType = folder.assetcatalog; path = Assets.xcassets; sourceTree = "<group>"; };
		FFCABE8426711483005E5830 /* Base */ = {isa = PBXFileReference; lastKnownFileType = file.storyboard; name = Base; path = Base.lproj/LaunchScreen.storyboard; sourceTree = "<group>"; };
		FFCABE8626711483005E5830 /* Info.plist */ = {isa = PBXFileReference; lastKnownFileType = text.plist.xml; path = Info.plist; sourceTree = "<group>"; };
		FFCABE902671FDB1005E5830 /* ImageLoadOperation.swift */ = {isa = PBXFileReference; lastKnownFileType = sourcecode.swift; path = ImageLoadOperation.swift; sourceTree = "<group>"; };
		FFCABE922671FDFF005E5830 /* FilterOperation.swift */ = {isa = PBXFileReference; lastKnownFileType = sourcecode.swift; path = FilterOperation.swift; sourceTree = "<group>"; };
		FFCABE942671FE27005E5830 /* AsyncOperation.swift */ = {isa = PBXFileReference; lastKnownFileType = sourcecode.swift; path = AsyncOperation.swift; sourceTree = "<group>"; };
		FFCABE962671FE71005E5830 /* NetworkManager.swift */ = {isa = PBXFileReference; lastKnownFileType = sourcecode.swift; path = NetworkManager.swift; sourceTree = "<group>"; };
/* End PBXFileReference section */

/* Begin PBXFrameworksBuildPhase section */
		FF49FE14267355000055A53B /* Frameworks */ = {
			isa = PBXFrameworksBuildPhase;
			buildActionMask = 2147483647;
			files = (
			);
			runOnlyForDeploymentPostprocessing = 0;
		};
		FFCABE6F26711480005E5830 /* Frameworks */ = {
			isa = PBXFrameworksBuildPhase;
			buildActionMask = 2147483647;
			files = (
			);
			runOnlyForDeploymentPostprocessing = 0;
		};
/* End PBXFrameworksBuildPhase section */

/* Begin PBXGroup section */
		FF49FE0E2672557C0055A53B /* Extensions */ = {
			isa = PBXGroup;
			children = (
				FF49FE0C2672550F0055A53B /* Extension+UIImage.swift */,
			);
			path = Extensions;
			sourceTree = "<group>";
		};
		FF49FE18267355000055A53B /* OperationsAppTests */ = {
			isa = PBXGroup;
			children = (
				FF49FE19267355000055A53B /* ImageLoadOperationTests.swift */,
				FF49FE1B267355000055A53B /* Info.plist */,
				FF49FE21267357010055A53B /* AsyncOperationTests.swift */,
				FF49FE23267380620055A53B /* FilterOperationTests.swift */,
				FF242DC52678E5BA0010867B /* FilteredImageViewControllerTests.swift */,
			);
			path = OperationsAppTests;
			sourceTree = "<group>";
		};
		FFCABE6926711480005E5830 = {
			isa = PBXGroup;
			children = (
				FFCABE7426711480005E5830 /* OperationsApp */,
				FF49FE18267355000055A53B /* OperationsAppTests */,
				FFCABE7326711480005E5830 /* Products */,
			);
			sourceTree = "<group>";
		};
		FFCABE7326711480005E5830 /* Products */ = {
			isa = PBXGroup;
			children = (
				FFCABE7226711480005E5830 /* OperationsApp.app */,
				FF49FE17267355000055A53B /* OperationsAppTests.xctest */,
			);
			name = Products;
			sourceTree = "<group>";
		};
		FFCABE7426711480005E5830 /* OperationsApp */ = {
			isa = PBXGroup;
			children = (
				FFCABE982671FFD1005E5830 /* Support */,
				FFCABE9B2672005E005E5830 /* ViewControllers */,
				FFCABE9E267200B6005E5830 /* Services */,
				FFCABE9C26720072005E5830 /* Operations */,
				FFCABE9926720016005E5830 /* Storyboards */,
				FFCABE9A2672002D005E5830 /* Resources */,
				FFCABE9D2672008A005E5830 /* CoreData */,
				FF49FE0E2672557C0055A53B /* Extensions */,
			);
			path = OperationsApp;
			sourceTree = "<group>";
		};
		FFCABE982671FFD1005E5830 /* Support */ = {
			isa = PBXGroup;
			children = (
				FFCABE7526711480005E5830 /* AppDelegate.swift */,
				FFCABE7726711480005E5830 /* SceneDelegate.swift */,
				FFCABE8626711483005E5830 /* Info.plist */,
			);
			path = Support;
			sourceTree = "<group>";
		};
		FFCABE9926720016005E5830 /* Storyboards */ = {
			isa = PBXGroup;
			children = (
				FFCABE7B26711480005E5830 /* Main.storyboard */,
				FFCABE8326711483005E5830 /* LaunchScreen.storyboard */,
			);
			path = Storyboards;
			sourceTree = "<group>";
		};
		FFCABE9A2672002D005E5830 /* Resources */ = {
			isa = PBXGroup;
			children = (
				FFCABE8126711483005E5830 /* Assets.xcassets */,
			);
			path = Resources;
			sourceTree = "<group>";
		};
		FFCABE9B2672005E005E5830 /* ViewControllers */ = {
			isa = PBXGroup;
			children = (
				FFCABE7926711480005E5830 /* FilteredImageViewController.swift */,
			);
			path = ViewControllers;
			sourceTree = "<group>";
		};
		FFCABE9C26720072005E5830 /* Operations */ = {
			isa = PBXGroup;
			children = (
				FFCABE942671FE27005E5830 /* AsyncOperation.swift */,
				FFCABE922671FDFF005E5830 /* FilterOperation.swift */,
				FFCABE902671FDB1005E5830 /* ImageLoadOperation.swift */,
			);
			path = Operations;
			sourceTree = "<group>";
		};
		FFCABE9D2672008A005E5830 /* CoreData */ = {
			isa = PBXGroup;
			children = (
				FFCABE7E26711480005E5830 /* OperationsApp.xcdatamodeld */,
			);
			path = CoreData;
			sourceTree = "<group>";
		};
		FFCABE9E267200B6005E5830 /* Services */ = {
			isa = PBXGroup;
			children = (
				FFCABE962671FE71005E5830 /* NetworkManager.swift */,
			);
			path = Services;
			sourceTree = "<group>";
		};
/* End PBXGroup section */

/* Begin PBXNativeTarget section */
		FF49FE16267355000055A53B /* OperationsAppTests */ = {
			isa = PBXNativeTarget;
			buildConfigurationList = FF49FE1E267355000055A53B /* Build configuration list for PBXNativeTarget "OperationsAppTests" */;
			buildPhases = (
				FF49FE13267355000055A53B /* Sources */,
				FF49FE14267355000055A53B /* Frameworks */,
				FF49FE15267355000055A53B /* Resources */,
			);
			buildRules = (
			);
			dependencies = (
				FF49FE1D267355000055A53B /* PBXTargetDependency */,
			);
			name = OperationsAppTests;
			productName = OperationsAppTests;
			productReference = FF49FE17267355000055A53B /* OperationsAppTests.xctest */;
			productType = "com.apple.product-type.bundle.unit-test";
		};
		FFCABE7126711480005E5830 /* OperationsApp */ = {
			isa = PBXNativeTarget;
			buildConfigurationList = FFCABE8926711483005E5830 /* Build configuration list for PBXNativeTarget "OperationsApp" */;
			buildPhases = (
				FFCABE6E26711480005E5830 /* Sources */,
				FFCABE6F26711480005E5830 /* Frameworks */,
				FFCABE7026711480005E5830 /* Resources */,
			);
			buildRules = (
			);
			dependencies = (
			);
			name = OperationsApp;
			productName = OperationsApp;
			productReference = FFCABE7226711480005E5830 /* OperationsApp.app */;
			productType = "com.apple.product-type.application";
		};
/* End PBXNativeTarget section */

/* Begin PBXProject section */
		FFCABE6A26711480005E5830 /* Project object */ = {
			isa = PBXProject;
			attributes = {
				LastSwiftUpdateCheck = 1250;
				LastUpgradeCheck = 1250;
				TargetAttributes = {
					FF49FE16267355000055A53B = {
						CreatedOnToolsVersion = 12.5;
						TestTargetID = FFCABE7126711480005E5830;
					};
					FFCABE7126711480005E5830 = {
						CreatedOnToolsVersion = 12.5;
					};
				};
			};
			buildConfigurationList = FFCABE6D26711480005E5830 /* Build configuration list for PBXProject "OperationsApp" */;
			compatibilityVersion = "Xcode 9.3";
			developmentRegion = en;
			hasScannedForEncodings = 0;
			knownRegions = (
				en,
				Base,
			);
			mainGroup = FFCABE6926711480005E5830;
			productRefGroup = FFCABE7326711480005E5830 /* Products */;
			projectDirPath = "";
			projectRoot = "";
			targets = (
				FFCABE7126711480005E5830 /* OperationsApp */,
				FF49FE16267355000055A53B /* OperationsAppTests */,
			);
		};
/* End PBXProject section */

/* Begin PBXResourcesBuildPhase section */
		FF49FE15267355000055A53B /* Resources */ = {
			isa = PBXResourcesBuildPhase;
			buildActionMask = 2147483647;
			files = (
			);
			runOnlyForDeploymentPostprocessing = 0;
		};
		FFCABE7026711480005E5830 /* Resources */ = {
			isa = PBXResourcesBuildPhase;
			buildActionMask = 2147483647;
			files = (
				FFCABE8526711483005E5830 /* LaunchScreen.storyboard in Resources */,
				FFCABE8226711483005E5830 /* Assets.xcassets in Resources */,
				FFCABE7D26711480005E5830 /* Main.storyboard in Resources */,
			);
			runOnlyForDeploymentPostprocessing = 0;
		};
/* End PBXResourcesBuildPhase section */

/* Begin PBXSourcesBuildPhase section */
		FF49FE13267355000055A53B /* Sources */ = {
			isa = PBXSourcesBuildPhase;
			buildActionMask = 2147483647;
			files = (
				FF49FE22267357010055A53B /* AsyncOperationTests.swift in Sources */,
				FF242DC62678E5BA0010867B /* FilteredImageViewControllerTests.swift in Sources */,
				FF49FE1A267355000055A53B /* ImageLoadOperationTests.swift in Sources */,
				FF49FE24267380620055A53B /* FilterOperationTests.swift in Sources */,
			);
			runOnlyForDeploymentPostprocessing = 0;
		};
		FFCABE6E26711480005E5830 /* Sources */ = {
			isa = PBXSourcesBuildPhase;
			buildActionMask = 2147483647;
			files = (
				FFCABE972671FE71005E5830 /* NetworkManager.swift in Sources */,
				FF49FE0D267255100055A53B /* Extension+UIImage.swift in Sources */,
				FFCABE7A26711480005E5830 /* FilteredImageViewController.swift in Sources */,
				FFCABE932671FDFF005E5830 /* FilterOperation.swift in Sources */,
				FFCABE7626711480005E5830 /* AppDelegate.swift in Sources */,
				FFCABE912671FDB1005E5830 /* ImageLoadOperation.swift in Sources */,
				FFCABE7826711480005E5830 /* SceneDelegate.swift in Sources */,
				FFCABE952671FE27005E5830 /* AsyncOperation.swift in Sources */,
				FFCABE8026711480005E5830 /* OperationsApp.xcdatamodeld in Sources */,
			);
			runOnlyForDeploymentPostprocessing = 0;
		};
/* End PBXSourcesBuildPhase section */

/* Begin PBXTargetDependency section */
		FF49FE1D267355000055A53B /* PBXTargetDependency */ = {
			isa = PBXTargetDependency;
			target = FFCABE7126711480005E5830 /* OperationsApp */;
			targetProxy = FF49FE1C267355000055A53B /* PBXContainerItemProxy */;
		};
/* End PBXTargetDependency section */

/* Begin PBXVariantGroup section */
		FFCABE7B26711480005E5830 /* Main.storyboard */ = {
			isa = PBXVariantGroup;
			children = (
				FFCABE7C26711480005E5830 /* Base */,
			);
			name = Main.storyboard;
			sourceTree = "<group>";
		};
		FFCABE8326711483005E5830 /* LaunchScreen.storyboard */ = {
			isa = PBXVariantGroup;
			children = (
				FFCABE8426711483005E5830 /* Base */,
			);
			name = LaunchScreen.storyboard;
			sourceTree = "<group>";
		};
/* End PBXVariantGroup section */

/* Begin XCBuildConfiguration section */
		FF49FE1F267355000055A53B /* Debug */ = {
			isa = XCBuildConfiguration;
			buildSettings = {
				BUNDLE_LOADER = "$(TEST_HOST)";
				CODE_SIGN_STYLE = Automatic;
				DEVELOPMENT_TEAM = QZLVH79HKK;
				INFOPLIST_FILE = OperationsAppTests/Info.plist;
				LD_RUNPATH_SEARCH_PATHS = (
					"$(inherited)",
					"@executable_path/Frameworks",
					"@loader_path/Frameworks",
				);
				PRODUCT_BUNDLE_IDENTIFIER = "Svetlana-Romanenko.OperationsAppTests";
				PRODUCT_NAME = "$(TARGET_NAME)";
				SWIFT_VERSION = 5.0;
				TARGETED_DEVICE_FAMILY = "1,2";
				TEST_HOST = "$(BUILT_PRODUCTS_DIR)/OperationsApp.app/OperationsApp";
			};
			name = Debug;
		};
		FF49FE20267355000055A53B /* Release */ = {
			isa = XCBuildConfiguration;
			buildSettings = {
				BUNDLE_LOADER = "$(TEST_HOST)";
				CODE_SIGN_STYLE = Automatic;
				DEVELOPMENT_TEAM = QZLVH79HKK;
				INFOPLIST_FILE = OperationsAppTests/Info.plist;
				LD_RUNPATH_SEARCH_PATHS = (
					"$(inherited)",
					"@executable_path/Frameworks",
					"@loader_path/Frameworks",
				);
				PRODUCT_BUNDLE_IDENTIFIER = "Svetlana-Romanenko.OperationsAppTests";
				PRODUCT_NAME = "$(TARGET_NAME)";
				SWIFT_VERSION = 5.0;
				TARGETED_DEVICE_FAMILY = "1,2";
				TEST_HOST = "$(BUILT_PRODUCTS_DIR)/OperationsApp.app/OperationsApp";
			};
			name = Release;
		};
		FFCABE8726711483005E5830 /* Debug */ = {
			isa = XCBuildConfiguration;
			buildSettings = {
				ALWAYS_SEARCH_USER_PATHS = NO;
				CLANG_ANALYZER_NONNULL = YES;
				CLANG_ANALYZER_NUMBER_OBJECT_CONVERSION = YES_AGGRESSIVE;
				CLANG_CXX_LANGUAGE_STANDARD = "gnu++14";
				CLANG_CXX_LIBRARY = "libc++";
				CLANG_ENABLE_MODULES = YES;
				CLANG_ENABLE_OBJC_ARC = YES;
				CLANG_ENABLE_OBJC_WEAK = YES;
				CLANG_WARN_BLOCK_CAPTURE_AUTORELEASING = YES;
				CLANG_WARN_BOOL_CONVERSION = YES;
				CLANG_WARN_COMMA = YES;
				CLANG_WARN_CONSTANT_CONVERSION = YES;
				CLANG_WARN_DEPRECATED_OBJC_IMPLEMENTATIONS = YES;
				CLANG_WARN_DIRECT_OBJC_ISA_USAGE = YES_ERROR;
				CLANG_WARN_DOCUMENTATION_COMMENTS = YES;
				CLANG_WARN_EMPTY_BODY = YES;
				CLANG_WARN_ENUM_CONVERSION = YES;
				CLANG_WARN_INFINITE_RECURSION = YES;
				CLANG_WARN_INT_CONVERSION = YES;
				CLANG_WARN_NON_LITERAL_NULL_CONVERSION = YES;
				CLANG_WARN_OBJC_IMPLICIT_RETAIN_SELF = YES;
				CLANG_WARN_OBJC_LITERAL_CONVERSION = YES;
				CLANG_WARN_OBJC_ROOT_CLASS = YES_ERROR;
				CLANG_WARN_QUOTED_INCLUDE_IN_FRAMEWORK_HEADER = YES;
				CLANG_WARN_RANGE_LOOP_ANALYSIS = YES;
				CLANG_WARN_STRICT_PROTOTYPES = YES;
				CLANG_WARN_SUSPICIOUS_MOVE = YES;
				CLANG_WARN_UNGUARDED_AVAILABILITY = YES_AGGRESSIVE;
				CLANG_WARN_UNREACHABLE_CODE = YES;
				CLANG_WARN__DUPLICATE_METHOD_MATCH = YES;
				COPY_PHASE_STRIP = NO;
				DEBUG_INFORMATION_FORMAT = dwarf;
				ENABLE_STRICT_OBJC_MSGSEND = YES;
				ENABLE_TESTABILITY = YES;
				GCC_C_LANGUAGE_STANDARD = gnu11;
				GCC_DYNAMIC_NO_PIC = NO;
				GCC_NO_COMMON_BLOCKS = YES;
				GCC_OPTIMIZATION_LEVEL = 0;
				GCC_PREPROCESSOR_DEFINITIONS = (
					"DEBUG=1",
					"$(inherited)",
				);
				GCC_WARN_64_TO_32_BIT_CONVERSION = YES;
				GCC_WARN_ABOUT_RETURN_TYPE = YES_ERROR;
				GCC_WARN_UNDECLARED_SELECTOR = YES;
				GCC_WARN_UNINITIALIZED_AUTOS = YES_AGGRESSIVE;
				GCC_WARN_UNUSED_FUNCTION = YES;
				GCC_WARN_UNUSED_VARIABLE = YES;
				IPHONEOS_DEPLOYMENT_TARGET = 14.5;
				MTL_ENABLE_DEBUG_INFO = INCLUDE_SOURCE;
				MTL_FAST_MATH = YES;
				ONLY_ACTIVE_ARCH = YES;
				SDKROOT = iphoneos;
				SWIFT_ACTIVE_COMPILATION_CONDITIONS = DEBUG;
				SWIFT_OPTIMIZATION_LEVEL = "-Onone";
			};
			name = Debug;
		};
		FFCABE8826711483005E5830 /* Release */ = {
			isa = XCBuildConfiguration;
			buildSettings = {
				ALWAYS_SEARCH_USER_PATHS = NO;
				CLANG_ANALYZER_NONNULL = YES;
				CLANG_ANALYZER_NUMBER_OBJECT_CONVERSION = YES_AGGRESSIVE;
				CLANG_CXX_LANGUAGE_STANDARD = "gnu++14";
				CLANG_CXX_LIBRARY = "libc++";
				CLANG_ENABLE_MODULES = YES;
				CLANG_ENABLE_OBJC_ARC = YES;
				CLANG_ENABLE_OBJC_WEAK = YES;
				CLANG_WARN_BLOCK_CAPTURE_AUTORELEASING = YES;
				CLANG_WARN_BOOL_CONVERSION = YES;
				CLANG_WARN_COMMA = YES;
				CLANG_WARN_CONSTANT_CONVERSION = YES;
				CLANG_WARN_DEPRECATED_OBJC_IMPLEMENTATIONS = YES;
				CLANG_WARN_DIRECT_OBJC_ISA_USAGE = YES_ERROR;
				CLANG_WARN_DOCUMENTATION_COMMENTS = YES;
				CLANG_WARN_EMPTY_BODY = YES;
				CLANG_WARN_ENUM_CONVERSION = YES;
				CLANG_WARN_INFINITE_RECURSION = YES;
				CLANG_WARN_INT_CONVERSION = YES;
				CLANG_WARN_NON_LITERAL_NULL_CONVERSION = YES;
				CLANG_WARN_OBJC_IMPLICIT_RETAIN_SELF = YES;
				CLANG_WARN_OBJC_LITERAL_CONVERSION = YES;
				CLANG_WARN_OBJC_ROOT_CLASS = YES_ERROR;
				CLANG_WARN_QUOTED_INCLUDE_IN_FRAMEWORK_HEADER = YES;
				CLANG_WARN_RANGE_LOOP_ANALYSIS = YES;
				CLANG_WARN_STRICT_PROTOTYPES = YES;
				CLANG_WARN_SUSPICIOUS_MOVE = YES;
				CLANG_WARN_UNGUARDED_AVAILABILITY = YES_AGGRESSIVE;
				CLANG_WARN_UNREACHABLE_CODE = YES;
				CLANG_WARN__DUPLICATE_METHOD_MATCH = YES;
				COPY_PHASE_STRIP = NO;
				DEBUG_INFORMATION_FORMAT = "dwarf-with-dsym";
				ENABLE_NS_ASSERTIONS = NO;
				ENABLE_STRICT_OBJC_MSGSEND = YES;
				GCC_C_LANGUAGE_STANDARD = gnu11;
				GCC_NO_COMMON_BLOCKS = YES;
				GCC_WARN_64_TO_32_BIT_CONVERSION = YES;
				GCC_WARN_ABOUT_RETURN_TYPE = YES_ERROR;
				GCC_WARN_UNDECLARED_SELECTOR = YES;
				GCC_WARN_UNINITIALIZED_AUTOS = YES_AGGRESSIVE;
				GCC_WARN_UNUSED_FUNCTION = YES;
				GCC_WARN_UNUSED_VARIABLE = YES;
				IPHONEOS_DEPLOYMENT_TARGET = 14.5;
				MTL_ENABLE_DEBUG_INFO = NO;
				MTL_FAST_MATH = YES;
				SDKROOT = iphoneos;
				SWIFT_COMPILATION_MODE = wholemodule;
				SWIFT_OPTIMIZATION_LEVEL = "-O";
				VALIDATE_PRODUCT = YES;
			};
			name = Release;
		};
		FFCABE8A26711483005E5830 /* Debug */ = {
			isa = XCBuildConfiguration;
			buildSettings = {
				ASSETCATALOG_COMPILER_APPICON_NAME = AppIcon;
				ASSETCATALOG_COMPILER_GLOBAL_ACCENT_COLOR_NAME = AccentColor;
				CODE_SIGN_STYLE = Automatic;
				DEVELOPMENT_TEAM = QZLVH79HKK;
				INFOPLIST_FILE = OperationsApp/Support/Info.plist;
				LD_RUNPATH_SEARCH_PATHS = (
					"$(inherited)",
					"@executable_path/Frameworks",
				);
				PRODUCT_BUNDLE_IDENTIFIER = "Svetlana-Romanenko.OperationsApp";
				PRODUCT_NAME = "$(TARGET_NAME)";
				SWIFT_VERSION = 5.0;
				TARGETED_DEVICE_FAMILY = "1,2";
			};
			name = Debug;
		};
		FFCABE8B26711483005E5830 /* Release */ = {
			isa = XCBuildConfiguration;
			buildSettings = {
				ASSETCATALOG_COMPILER_APPICON_NAME = AppIcon;
				ASSETCATALOG_COMPILER_GLOBAL_ACCENT_COLOR_NAME = AccentColor;
				CODE_SIGN_STYLE = Automatic;
				DEVELOPMENT_TEAM = QZLVH79HKK;
				INFOPLIST_FILE = OperationsApp/Support/Info.plist;
				LD_RUNPATH_SEARCH_PATHS = (
					"$(inherited)",
					"@executable_path/Frameworks",
				);
				PRODUCT_BUNDLE_IDENTIFIER = "Svetlana-Romanenko.OperationsApp";
				PRODUCT_NAME = "$(TARGET_NAME)";
				SWIFT_VERSION = 5.0;
				TARGETED_DEVICE_FAMILY = "1,2";
			};
			name = Release;
		};
/* End XCBuildConfiguration section */

/* Begin XCConfigurationList section */
		FF49FE1E267355000055A53B /* Build configuration list for PBXNativeTarget "OperationsAppTests" */ = {
			isa = XCConfigurationList;
			buildConfigurations = (
				FF49FE1F267355000055A53B /* Debug */,
				FF49FE20267355000055A53B /* Release */,
			);
			defaultConfigurationIsVisible = 0;
			defaultConfigurationName = Release;
		};
		FFCABE6D26711480005E5830 /* Build configuration list for PBXProject "OperationsApp" */ = {
			isa = XCConfigurationList;
			buildConfigurations = (
				FFCABE8726711483005E5830 /* Debug */,
				FFCABE8826711483005E5830 /* Release */,
			);
			defaultConfigurationIsVisible = 0;
			defaultConfigurationName = Release;
		};
		FFCABE8926711483005E5830 /* Build configuration list for PBXNativeTarget "OperationsApp" */ = {
			isa = XCConfigurationList;
			buildConfigurations = (
				FFCABE8A26711483005E5830 /* Debug */,
				FFCABE8B26711483005E5830 /* Release */,
			);
			defaultConfigurationIsVisible = 0;
			defaultConfigurationName = Release;
		};
/* End XCConfigurationList section */

/* Begin XCVersionGroup section */
		FFCABE7E26711480005E5830 /* OperationsApp.xcdatamodeld */ = {
			isa = XCVersionGroup;
			children = (
				FFCABE7F26711480005E5830 /* OperationsApp.xcdatamodel */,
			);
			currentVersion = FFCABE7F26711480005E5830 /* OperationsApp.xcdatamodel */;
			path = OperationsApp.xcdatamodeld;
			sourceTree = "<group>";
			versionGroupType = wrapper.xcdatamodel;
		};
/* End XCVersionGroup section */
	};
	rootObject = FFCABE6A26711480005E5830 /* Project object */;
}
